{
  "requires": true,
  "lockfileVersion": 1,
  "dependencies": {
    "lodash": {
      "version": "4.17.21",
      "resolved": "https://registry.npmjs.org/lodash/-/lodash-4.17.21.tgz",
      "integrity": "sha512-v2kDEe57lecTulaDIuNTPy3Ry4gLGJ6Z1O3vE1krgXZNrsQ+LFTGHVxVjcXPs17LhbZVGedAJv8XZ1tvj5FvSg=="
    },
    "pathseg": {
      "version": "1.2.1",
      "resolved": "https://registry.npmjs.org/pathseg/-/pathseg-1.2.1.tgz",
      "integrity": "sha512-LtvemzPvcGamWBbNWJaIrgfUzpynXfwYrP6SSFVRhNHVcCaq6SVm4kRGJNuIV8qzBKgCN3fEXFZZ16YETFIXoA=="
    },
    "react-particles-js": {
      "version": "3.5.3",
      "resolved": "https://registry.npmjs.org/react-particles-js/-/react-particles-js-3.5.3.tgz",
      "integrity": "sha512-e9GWBT51WDtPkcaSy0ZLUAT93lBzDvuqrfW81NOf6G69XSurgCtVy4+ZYpUCnLhZgkokzsjrhtVOSj1FxPVyEw==",
      "requires": {
        "lodash": "^4.17.11"
      }
    },
    "tsparticles": {
      "version": "1.34.0",
      "resolved": "https://registry.npmjs.org/tsparticles/-/tsparticles-1.34.0.tgz",
      "integrity": "sha512-7EIyI0339EZEzoUggqKBxkUDCvsM/YT89GyrPTSVcrHNd47SZ9bzTZFAWuTbhQrEiyJEL/np61t2BGOhJJK1Mg==",
      "requires": {
        "pathseg": "^1.2.1"
      }
    }
  }
}
